
Microsoft Visual Studio Solution File, Format Version 12.00
# Visual Studio Version 17
VisualStudioVersion = 17.9.34902.65
MinimumVisualStudioVersion = 10.0.40219.1
Project("{FAE04EC0-301F-11D3-BF4B-00C04F79EFBC}") = "Lyrics_Lab", "Lyrics_Lab\Lyrics_Lab.csproj", "{092D5D4E-335D-4C41-91E6-B4A5F050DAE1}"
EndProject
Global
	GlobalSection(SolutionConfigurationPlatforms) = preSolution
		Debug|Any CPU = Debug|Any CPU
		Release|Any CPU = Release|Any CPU
	EndGlobalSection
	GlobalSection(ProjectConfigurationPlatforms) = postSolution
		{092D5D4E-335D-4C41-91E6-B4A5F050DAE1}.Debug|Any CPU.ActiveCfg = Debug|Any CPU
		{092D5D4E-335D-4C41-91E6-B4A5F050DAE1}.Debug|Any CPU.Build.0 = Debug|Any CPU
		{092D5D4E-335D-4C41-91E6-B4A5F050DAE1}.Release|Any CPU.ActiveCfg = Release|Any CPU
		{092D5D4E-335D-4C41-91E6-B4A5F050DAE1}.Release|Any CPU.Build.0 = Release|Any CPU
	EndGlobalSection
	GlobalSection(SolutionProperties) = preSolution
		HideSolutionNode = FALSE
	EndGlobalSection
	GlobalSection(ExtensibilityGlobals) = postSolution
		SolutionGuid = {89372172-1C50-473C-834A-8B878BF0B72A}
	EndGlobalSection
EndGlobal
